
Microsoft Visual Studio Solution File, Format Version 12.00
# Visual Studio Version 17
VisualStudioVersion = 17.9.34728.123
MinimumVisualStudioVersion = 10.0.40219.1
Project("{FAE04EC0-301F-11D3-BF4B-00C04F79EFBC}") = "Exercicio.3", "Exercicio.3\Exercicio.3.csproj", "{8F48149D-2AA0-436C-971A-11CB1D905FEB}"
EndProject
Global
	GlobalSection(SolutionConfigurationPlatforms) = preSolution
		Debug|Any CPU = Debug|Any CPU
		Release|Any CPU = Release|Any CPU
	EndGlobalSection
	GlobalSection(ProjectConfigurationPlatforms) = postSolution
		{8F48149D-2AA0-436C-971A-11CB1D905FEB}.Debug|Any CPU.ActiveCfg = Debug|Any CPU
		{8F48149D-2AA0-436C-971A-11CB1D905FEB}.Debug|Any CPU.Build.0 = Debug|Any CPU
		{8F48149D-2AA0-436C-971A-11CB1D905FEB}.Release|Any CPU.ActiveCfg = Release|Any CPU
		{8F48149D-2AA0-436C-971A-11CB1D905FEB}.Release|Any CPU.Build.0 = Release|Any CPU
	EndGlobalSection
	GlobalSection(SolutionProperties) = preSolution
		HideSolutionNode = FALSE
	EndGlobalSection
	GlobalSection(ExtensibilityGlobals) = postSolution
		SolutionGuid = {903C35BD-059F-4FF0-AED3-E09533E4D0B0}
	EndGlobalSection
EndGlobal
