
Microsoft Visual Studio Solution File, Format Version 12.00
# Visual Studio Version 17
VisualStudioVersion = 17.9.34728.123
MinimumVisualStudioVersion = 10.0.40219.1
Project("{FAE04EC0-301F-11D3-BF4B-00C04F79EFBC}") = "Exercicio.2", "Exercicio.2\Exercicio.2.csproj", "{8B829815-5704-4345-914C-1183F89B3160}"
EndProject
Global
	GlobalSection(SolutionConfigurationPlatforms) = preSolution
		Debug|Any CPU = Debug|Any CPU
		Release|Any CPU = Release|Any CPU
	EndGlobalSection
	GlobalSection(ProjectConfigurationPlatforms) = postSolution
		{8B829815-5704-4345-914C-1183F89B3160}.Debug|Any CPU.ActiveCfg = Debug|Any CPU
		{8B829815-5704-4345-914C-1183F89B3160}.Debug|Any CPU.Build.0 = Debug|Any CPU
		{8B829815-5704-4345-914C-1183F89B3160}.Release|Any CPU.ActiveCfg = Release|Any CPU
		{8B829815-5704-4345-914C-1183F89B3160}.Release|Any CPU.Build.0 = Release|Any CPU
	EndGlobalSection
	GlobalSection(SolutionProperties) = preSolution
		HideSolutionNode = FALSE
	EndGlobalSection
	GlobalSection(ExtensibilityGlobals) = postSolution
		SolutionGuid = {BDE00D87-D542-49DF-B842-5405910939C8}
	EndGlobalSection
EndGlobal
